
Microsoft Visual Studio Solution File, Format Version 12.00
# Visual Studio 15
VisualStudioVersion = 15.0.27924.0
MinimumVisualStudioVersion = 10.0.40219.1
Project("{9A19103F-16F7-4668-BE54-9A1E7A4F7556}") = "TchokopassEnterprises4", "TchokopassEnterprises4.csproj", "{09FCF2AC-72BD-46D5-8103-3ADE748146A2}"
EndProject
Global
	GlobalSection(SolutionConfigurationPlatforms) = preSolution
		Debug|Any CPU = Debug|Any CPU
		Release|Any CPU = Release|Any CPU
	EndGlobalSection
	GlobalSection(ProjectConfigurationPlatforms) = postSolution
		{09FCF2AC-72BD-46D5-8103-3ADE748146A2}.Debug|Any CPU.ActiveCfg = Debug|Any CPU
		{09FCF2AC-72BD-46D5-8103-3ADE748146A2}.Debug|Any CPU.Build.0 = Debug|Any CPU
		{09FCF2AC-72BD-46D5-8103-3ADE748146A2}.Release|Any CPU.ActiveCfg = Release|Any CPU
		{09FCF2AC-72BD-46D5-8103-3ADE748146A2}.Release|Any CPU.Build.0 = Release|Any CPU
	EndGlobalSection
	GlobalSection(SolutionProperties) = preSolution
		HideSolutionNode = FALSE
	EndGlobalSection
	GlobalSection(ExtensibilityGlobals) = postSolution
		SolutionGuid = {AC6AB705-5469-4822-9F1D-D85BEA4FD5E5}
	EndGlobalSection
EndGlobal
