
Microsoft Visual Studio Solution File, Format Version 12.00
# Visual Studio 15
VisualStudioVersion = 15.0.27428.2015
MinimumVisualStudioVersion = 10.0.40219.1
Project("{FAE04EC0-301F-11D3-BF4B-00C04F79EFBC}") = "MvcMusicStore", "MvcMusicStore\MvcMusicStore.csproj", "{EB8F0281-72E6-4B4B-B452-86BD1C0B256D}"
EndProject
Project("{FAE04EC0-301F-11D3-BF4B-00C04F79EFBC}") = "MvcMusicStore.Tests", "MvcMusicStore.Tests\MvcMusicStore.Tests.csproj", "{A929AA04-07A8-4540-A095-8F971C740F54}"
EndProject
Global
	GlobalSection(SolutionConfigurationPlatforms) = preSolution
		Debug|Any CPU = Debug|Any CPU
		Release|Any CPU = Release|Any CPU
	EndGlobalSection
	GlobalSection(ProjectConfigurationPlatforms) = postSolution
		{EB8F0281-72E6-4B4B-B452-86BD1C0B256D}.Debug|Any CPU.ActiveCfg = Debug|Any CPU
		{EB8F0281-72E6-4B4B-B452-86BD1C0B256D}.Debug|Any CPU.Build.0 = Debug|Any CPU
		{EB8F0281-72E6-4B4B-B452-86BD1C0B256D}.Release|Any CPU.ActiveCfg = Release|Any CPU
		{EB8F0281-72E6-4B4B-B452-86BD1C0B256D}.Release|Any CPU.Build.0 = Release|Any CPU
		{A929AA04-07A8-4540-A095-8F971C740F54}.Debug|Any CPU.ActiveCfg = Debug|Any CPU
		{A929AA04-07A8-4540-A095-8F971C740F54}.Debug|Any CPU.Build.0 = Debug|Any CPU
		{A929AA04-07A8-4540-A095-8F971C740F54}.Release|Any CPU.ActiveCfg = Release|Any CPU
		{A929AA04-07A8-4540-A095-8F971C740F54}.Release|Any CPU.Build.0 = Release|Any CPU
	EndGlobalSection
	GlobalSection(SolutionProperties) = preSolution
		HideSolutionNode = FALSE
	EndGlobalSection
	GlobalSection(ExtensibilityGlobals) = postSolution
		SolutionGuid = {45D4341D-CF7B-4107-8EEA-CA9C4092589D}
	EndGlobalSection
EndGlobal
