
Microsoft Visual Studio Solution File, Format Version 12.00
# Visual Studio 15
VisualStudioVersion = 15.0.27428.2015
MinimumVisualStudioVersion = 10.0.40219.1
Project("{FAE04EC0-301F-11D3-BF4B-00C04F79EFBC}") = "WebApplication2", "WebApplication2\WebApplication2.csproj", "{A3C008A0-9A40-4F59-9DF7-FC7C9A29CA70}"
EndProject
Global
	GlobalSection(SolutionConfigurationPlatforms) = preSolution
		Debug|Any CPU = Debug|Any CPU
		Release|Any CPU = Release|Any CPU
	EndGlobalSection
	GlobalSection(ProjectConfigurationPlatforms) = postSolution
		{A3C008A0-9A40-4F59-9DF7-FC7C9A29CA70}.Debug|Any CPU.ActiveCfg = Debug|Any CPU
		{A3C008A0-9A40-4F59-9DF7-FC7C9A29CA70}.Debug|Any CPU.Build.0 = Debug|Any CPU
		{A3C008A0-9A40-4F59-9DF7-FC7C9A29CA70}.Release|Any CPU.ActiveCfg = Release|Any CPU
		{A3C008A0-9A40-4F59-9DF7-FC7C9A29CA70}.Release|Any CPU.Build.0 = Release|Any CPU
	EndGlobalSection
	GlobalSection(SolutionProperties) = preSolution
		HideSolutionNode = FALSE
	EndGlobalSection
	GlobalSection(ExtensibilityGlobals) = postSolution
		SolutionGuid = {E742BE2F-A4CF-4EBB-B589-D53C459D2421}
	EndGlobalSection
EndGlobal
