
Microsoft Visual Studio Solution File, Format Version 12.00
# Visual Studio 15
VisualStudioVersion = 15.0.27428.2015
MinimumVisualStudioVersion = 10.0.40219.1
Project("{FAE04EC0-301F-11D3-BF4B-00C04F79EFBC}") = "LambdaExpression", "LambdaExpression.csproj", "{B6CA3040-323C-4BA0-9DDA-6ED624CF7987}"
EndProject
Global
	GlobalSection(SolutionConfigurationPlatforms) = preSolution
		Debug|Any CPU = Debug|Any CPU
		Release|Any CPU = Release|Any CPU
	EndGlobalSection
	GlobalSection(ProjectConfigurationPlatforms) = postSolution
		{B6CA3040-323C-4BA0-9DDA-6ED624CF7987}.Debug|Any CPU.ActiveCfg = Debug|Any CPU
		{B6CA3040-323C-4BA0-9DDA-6ED624CF7987}.Debug|Any CPU.Build.0 = Debug|Any CPU
		{B6CA3040-323C-4BA0-9DDA-6ED624CF7987}.Release|Any CPU.ActiveCfg = Release|Any CPU
		{B6CA3040-323C-4BA0-9DDA-6ED624CF7987}.Release|Any CPU.Build.0 = Release|Any CPU
	EndGlobalSection
	GlobalSection(SolutionProperties) = preSolution
		HideSolutionNode = FALSE
	EndGlobalSection
	GlobalSection(ExtensibilityGlobals) = postSolution
		SolutionGuid = {45014E33-B8A5-44EA-B069-89A0D40035EB}
	EndGlobalSection
EndGlobal
