
Microsoft Visual Studio Solution File, Format Version 12.00
# Visual Studio 15
VisualStudioVersion = 15.0.27428.2015
MinimumVisualStudioVersion = 10.0.40219.1
Project("{FAE04EC0-301F-11D3-BF4B-00C04F79EFBC}") = "ContactUsWF_App", "ContactUsWF_App.csproj", "{EDD2F995-520D-4EF9-9AA9-7AA7910C1510}"
EndProject
Global
	GlobalSection(SolutionConfigurationPlatforms) = preSolution
		Debug|Any CPU = Debug|Any CPU
		Release|Any CPU = Release|Any CPU
	EndGlobalSection
	GlobalSection(ProjectConfigurationPlatforms) = postSolution
		{EDD2F995-520D-4EF9-9AA9-7AA7910C1510}.Debug|Any CPU.ActiveCfg = Debug|Any CPU
		{EDD2F995-520D-4EF9-9AA9-7AA7910C1510}.Debug|Any CPU.Build.0 = Debug|Any CPU
		{EDD2F995-520D-4EF9-9AA9-7AA7910C1510}.Release|Any CPU.ActiveCfg = Release|Any CPU
		{EDD2F995-520D-4EF9-9AA9-7AA7910C1510}.Release|Any CPU.Build.0 = Release|Any CPU
	EndGlobalSection
	GlobalSection(SolutionProperties) = preSolution
		HideSolutionNode = FALSE
	EndGlobalSection
	GlobalSection(ExtensibilityGlobals) = postSolution
		SolutionGuid = {E7F32FB6-7C87-46F7-A5B8-C92787242C76}
	EndGlobalSection
EndGlobal
