
Microsoft Visual Studio Solution File, Format Version 12.00
# Visual Studio 15
VisualStudioVersion = 15.0.27705.2000
MinimumVisualStudioVersion = 10.0.40219.1
Project("{FAE04EC0-301F-11D3-BF4B-00C04F79EFBC}") = "WcfClient", "WcfClient\WcfClient.csproj", "{1B8E5714-47CB-48A3-83CE-7955242A237E}"
EndProject
Project("{FAE04EC0-301F-11D3-BF4B-00C04F79EFBC}") = "WcfClient.Tests", "WcfClient.Tests\WcfClient.Tests.csproj", "{6ED887E3-62F0-41F9-AA13-91D34A17F574}"
EndProject
Project("{FAE04EC0-301F-11D3-BF4B-00C04F79EFBC}") = "WcfServiceLibrary", "WcfServiceLibrary\WcfServiceLibrary.csproj", "{CE41E208-8C35-4413-9143-6CE779DC57A1}"
EndProject
Global
	GlobalSection(SolutionConfigurationPlatforms) = preSolution
		Debug|Any CPU = Debug|Any CPU
		Release|Any CPU = Release|Any CPU
	EndGlobalSection
	GlobalSection(ProjectConfigurationPlatforms) = postSolution
		{1B8E5714-47CB-48A3-83CE-7955242A237E}.Debug|Any CPU.ActiveCfg = Debug|Any CPU
		{1B8E5714-47CB-48A3-83CE-7955242A237E}.Debug|Any CPU.Build.0 = Debug|Any CPU
		{1B8E5714-47CB-48A3-83CE-7955242A237E}.Release|Any CPU.ActiveCfg = Release|Any CPU
		{1B8E5714-47CB-48A3-83CE-7955242A237E}.Release|Any CPU.Build.0 = Release|Any CPU
		{6ED887E3-62F0-41F9-AA13-91D34A17F574}.Debug|Any CPU.ActiveCfg = Debug|Any CPU
		{6ED887E3-62F0-41F9-AA13-91D34A17F574}.Debug|Any CPU.Build.0 = Debug|Any CPU
		{6ED887E3-62F0-41F9-AA13-91D34A17F574}.Release|Any CPU.ActiveCfg = Release|Any CPU
		{6ED887E3-62F0-41F9-AA13-91D34A17F574}.Release|Any CPU.Build.0 = Release|Any CPU
		{CE41E208-8C35-4413-9143-6CE779DC57A1}.Debug|Any CPU.ActiveCfg = Debug|Any CPU
		{CE41E208-8C35-4413-9143-6CE779DC57A1}.Debug|Any CPU.Build.0 = Debug|Any CPU
		{CE41E208-8C35-4413-9143-6CE779DC57A1}.Release|Any CPU.ActiveCfg = Release|Any CPU
		{CE41E208-8C35-4413-9143-6CE779DC57A1}.Release|Any CPU.Build.0 = Release|Any CPU
	EndGlobalSection
	GlobalSection(SolutionProperties) = preSolution
		HideSolutionNode = FALSE
	EndGlobalSection
	GlobalSection(ExtensibilityGlobals) = postSolution
		SolutionGuid = {2113D145-653C-4277-901C-646687FAEFA1}
	EndGlobalSection
EndGlobal
