
Microsoft Visual Studio Solution File, Format Version 12.00
# Visual Studio 15
VisualStudioVersion = 15.0.27825.0
MinimumVisualStudioVersion = 10.0.40219.1
Project("{9A19103F-16F7-4668-BE54-9A1E7A4F7556}") = "WebAppTodoLatest", "WebAppTodoLatest.csproj", "{D476E6EE-2236-42C5-9C91-B0D190D9F17C}"
EndProject
Global
	GlobalSection(SolutionConfigurationPlatforms) = preSolution
		Debug|Any CPU = Debug|Any CPU
		Release|Any CPU = Release|Any CPU
	EndGlobalSection
	GlobalSection(ProjectConfigurationPlatforms) = postSolution
		{D476E6EE-2236-42C5-9C91-B0D190D9F17C}.Debug|Any CPU.ActiveCfg = Debug|Any CPU
		{D476E6EE-2236-42C5-9C91-B0D190D9F17C}.Debug|Any CPU.Build.0 = Debug|Any CPU
		{D476E6EE-2236-42C5-9C91-B0D190D9F17C}.Release|Any CPU.ActiveCfg = Release|Any CPU
		{D476E6EE-2236-42C5-9C91-B0D190D9F17C}.Release|Any CPU.Build.0 = Release|Any CPU
	EndGlobalSection
	GlobalSection(SolutionProperties) = preSolution
		HideSolutionNode = FALSE
	EndGlobalSection
	GlobalSection(ExtensibilityGlobals) = postSolution
		SolutionGuid = {C73EFDC9-7EC9-4754-A2CE-4295637E0D11}
		LessCompiler = d476e6ee-2236-42c5-9c91-b0d190d9f17c
	EndGlobalSection
EndGlobal
