
Microsoft Visual Studio Solution File, Format Version 12.00
# Visual Studio 15
VisualStudioVersion = 15.0.27825.0
MinimumVisualStudioVersion = 10.0.40219.1
Project("{FAE04EC0-301F-11D3-BF4B-00C04F79EFBC}") = "WebAppTodoLatest", "WebAppTodoLatest\WebAppTodoLatest.csproj", "{823F1287-3F85-41E8-A37E-3F22DDAA40B6}"
EndProject
Global
	GlobalSection(SolutionConfigurationPlatforms) = preSolution
		Debug|Any CPU = Debug|Any CPU
		Release|Any CPU = Release|Any CPU
	EndGlobalSection
	GlobalSection(ProjectConfigurationPlatforms) = postSolution
		{823F1287-3F85-41E8-A37E-3F22DDAA40B6}.Debug|Any CPU.ActiveCfg = Debug|Any CPU
		{823F1287-3F85-41E8-A37E-3F22DDAA40B6}.Debug|Any CPU.Build.0 = Debug|Any CPU
		{823F1287-3F85-41E8-A37E-3F22DDAA40B6}.Release|Any CPU.ActiveCfg = Release|Any CPU
		{823F1287-3F85-41E8-A37E-3F22DDAA40B6}.Release|Any CPU.Build.0 = Release|Any CPU
	EndGlobalSection
	GlobalSection(SolutionProperties) = preSolution
		HideSolutionNode = FALSE
	EndGlobalSection
	GlobalSection(ExtensibilityGlobals) = postSolution
		SolutionGuid = {2E509402-41DD-4750-908C-E94248C5409A}
	EndGlobalSection
EndGlobal
