
Microsoft Visual Studio Solution File, Format Version 12.00
# Visual Studio 15
VisualStudioVersion = 15.0.27428.2011
MinimumVisualStudioVersion = 10.0.40219.1
Project("{FAE04EC0-301F-11D3-BF4B-00C04F79EFBC}") = "Chapiter12", "Chapiter12.csproj", "{963C3BC8-F4F2-4A88-A5AB-1E7337F586D6}"
EndProject
Global
	GlobalSection(SolutionConfigurationPlatforms) = preSolution
		Debug|Any CPU = Debug|Any CPU
		Release|Any CPU = Release|Any CPU
	EndGlobalSection
	GlobalSection(ProjectConfigurationPlatforms) = postSolution
		{963C3BC8-F4F2-4A88-A5AB-1E7337F586D6}.Debug|Any CPU.ActiveCfg = Debug|Any CPU
		{963C3BC8-F4F2-4A88-A5AB-1E7337F586D6}.Debug|Any CPU.Build.0 = Debug|Any CPU
		{963C3BC8-F4F2-4A88-A5AB-1E7337F586D6}.Release|Any CPU.ActiveCfg = Release|Any CPU
		{963C3BC8-F4F2-4A88-A5AB-1E7337F586D6}.Release|Any CPU.Build.0 = Release|Any CPU
	EndGlobalSection
	GlobalSection(SolutionProperties) = preSolution
		HideSolutionNode = FALSE
	EndGlobalSection
	GlobalSection(ExtensibilityGlobals) = postSolution
		SolutionGuid = {C88F1B73-D3ED-4721-80B1-2D0789E21373}
	EndGlobalSection
EndGlobal
