
Microsoft Visual Studio Solution File, Format Version 12.00
# Visual Studio 15
VisualStudioVersion = 15.0.27428.2015
MinimumVisualStudioVersion = 10.0.40219.1
Project("{FAE04EC0-301F-11D3-BF4B-00C04F79EFBC}") = "MvcMusicStore", "MvcMusicStore\MvcMusicStore.csproj", "{4C9618BE-2BD5-4D69-A0EB-90CD83858107}"
EndProject
Project("{FAE04EC0-301F-11D3-BF4B-00C04F79EFBC}") = "MvcMusicStore.Tests", "MvcMusicStore.Tests\MvcMusicStore.Tests.csproj", "{BECCFB67-B697-43BF-92DF-3A0D43F73BD9}"
EndProject
Global
	GlobalSection(SolutionConfigurationPlatforms) = preSolution
		Debug|Any CPU = Debug|Any CPU
		Release|Any CPU = Release|Any CPU
	EndGlobalSection
	GlobalSection(ProjectConfigurationPlatforms) = postSolution
		{4C9618BE-2BD5-4D69-A0EB-90CD83858107}.Debug|Any CPU.ActiveCfg = Debug|Any CPU
		{4C9618BE-2BD5-4D69-A0EB-90CD83858107}.Debug|Any CPU.Build.0 = Debug|Any CPU
		{4C9618BE-2BD5-4D69-A0EB-90CD83858107}.Release|Any CPU.ActiveCfg = Release|Any CPU
		{4C9618BE-2BD5-4D69-A0EB-90CD83858107}.Release|Any CPU.Build.0 = Release|Any CPU
		{BECCFB67-B697-43BF-92DF-3A0D43F73BD9}.Debug|Any CPU.ActiveCfg = Debug|Any CPU
		{BECCFB67-B697-43BF-92DF-3A0D43F73BD9}.Debug|Any CPU.Build.0 = Debug|Any CPU
		{BECCFB67-B697-43BF-92DF-3A0D43F73BD9}.Release|Any CPU.ActiveCfg = Release|Any CPU
		{BECCFB67-B697-43BF-92DF-3A0D43F73BD9}.Release|Any CPU.Build.0 = Release|Any CPU
	EndGlobalSection
	GlobalSection(SolutionProperties) = preSolution
		HideSolutionNode = FALSE
	EndGlobalSection
	GlobalSection(ExtensibilityGlobals) = postSolution
		SolutionGuid = {953F6FCA-0B96-4D76-BFC7-322E5D697246}
	EndGlobalSection
EndGlobal
